
Microsoft Visual Studio Solution File, Format Version 12.00
# Visual Studio Version 17
VisualStudioVersion = 17.4.33213.308
MinimumVisualStudioVersion = 10.0.40219.1
Project("{9A19103F-16F7-4668-BE54-9A1E7A4F7556}") = "PieceOfTheater.Wpf", "PieceOfTheater.Wpf\PieceOfTheater.Wpf.csproj", "{10AEDA0E-8B13-4AB6-AFE1-8670A7E1512D}"
EndProject
Project("{9A19103F-16F7-4668-BE54-9A1E7A4F7556}") = "PieceOfTheater.Lib", "PieceOfTheater.Lib\PieceOfTheater.Lib.csproj", "{5FD59CD0-2AE9-4278-90B5-D52FEC9D1AB0}"
EndProject
Project("{FAE04EC0-301F-11D3-BF4B-00C04F79EFBC}") = "PieceOfTheater.Tests", "PieceOfTheater.Tests\PieceOfTheater.Tests.csproj", "{02A310FC-9F37-485E-B578-F40A755F31F4}"
EndProject
Global
	GlobalSection(SolutionConfigurationPlatforms) = preSolution
		Debug|Any CPU = Debug|Any CPU
		Debug|x64 = Debug|x64
		Release|Any CPU = Release|Any CPU
		Release|x64 = Release|x64
	EndGlobalSection
	GlobalSection(ProjectConfigurationPlatforms) = postSolution
		{10AEDA0E-8B13-4AB6-AFE1-8670A7E1512D}.Debug|Any CPU.ActiveCfg = Debug|Any CPU
		{10AEDA0E-8B13-4AB6-AFE1-8670A7E1512D}.Debug|Any CPU.Build.0 = Debug|Any CPU
		{10AEDA0E-8B13-4AB6-AFE1-8670A7E1512D}.Debug|x64.ActiveCfg = Debug|Any CPU
		{10AEDA0E-8B13-4AB6-AFE1-8670A7E1512D}.Debug|x64.Build.0 = Debug|Any CPU
		{10AEDA0E-8B13-4AB6-AFE1-8670A7E1512D}.Release|Any CPU.ActiveCfg = Release|Any CPU
		{10AEDA0E-8B13-4AB6-AFE1-8670A7E1512D}.Release|Any CPU.Build.0 = Release|Any CPU
		{10AEDA0E-8B13-4AB6-AFE1-8670A7E1512D}.Release|x64.ActiveCfg = Release|Any CPU
		{10AEDA0E-8B13-4AB6-AFE1-8670A7E1512D}.Release|x64.Build.0 = Release|Any CPU
		{5FD59CD0-2AE9-4278-90B5-D52FEC9D1AB0}.Debug|Any CPU.ActiveCfg = Debug|Any CPU
		{5FD59CD0-2AE9-4278-90B5-D52FEC9D1AB0}.Debug|Any CPU.Build.0 = Debug|Any CPU
		{5FD59CD0-2AE9-4278-90B5-D52FEC9D1AB0}.Debug|x64.ActiveCfg = Debug|Any CPU
		{5FD59CD0-2AE9-4278-90B5-D52FEC9D1AB0}.Debug|x64.Build.0 = Debug|Any CPU
		{5FD59CD0-2AE9-4278-90B5-D52FEC9D1AB0}.Release|Any CPU.ActiveCfg = Release|Any CPU
		{5FD59CD0-2AE9-4278-90B5-D52FEC9D1AB0}.Release|Any CPU.Build.0 = Release|Any CPU
		{5FD59CD0-2AE9-4278-90B5-D52FEC9D1AB0}.Release|x64.ActiveCfg = Release|Any CPU
		{5FD59CD0-2AE9-4278-90B5-D52FEC9D1AB0}.Release|x64.Build.0 = Release|Any CPU
		{02A310FC-9F37-485E-B578-F40A755F31F4}.Debug|Any CPU.ActiveCfg = Debug|Any CPU
		{02A310FC-9F37-485E-B578-F40A755F31F4}.Debug|Any CPU.Build.0 = Debug|Any CPU
		{02A310FC-9F37-485E-B578-F40A755F31F4}.Debug|x64.ActiveCfg = Debug|Any CPU
		{02A310FC-9F37-485E-B578-F40A755F31F4}.Debug|x64.Build.0 = Debug|Any CPU
		{02A310FC-9F37-485E-B578-F40A755F31F4}.Release|Any CPU.ActiveCfg = Release|Any CPU
		{02A310FC-9F37-485E-B578-F40A755F31F4}.Release|Any CPU.Build.0 = Release|Any CPU
		{02A310FC-9F37-485E-B578-F40A755F31F4}.Release|x64.ActiveCfg = Release|Any CPU
		{02A310FC-9F37-485E-B578-F40A755F31F4}.Release|x64.Build.0 = Release|Any CPU
	EndGlobalSection
	GlobalSection(SolutionProperties) = preSolution
		HideSolutionNode = FALSE
	EndGlobalSection
	GlobalSection(ExtensibilityGlobals) = postSolution
		SolutionGuid = {47D89F87-0094-4913-8262-40C31E7E3322}
	EndGlobalSection
EndGlobal
