
Microsoft Visual Studio Solution File, Format Version 12.00
# Visual Studio Version 17
VisualStudioVersion = 17.4.33213.308
MinimumVisualStudioVersion = 10.0.40219.1
Project("{FAE04EC0-301F-11D3-BF4B-00C04F79EFBC}") = "PieceOfTheater", "PieceOfTheater\PieceOfTheater.csproj", "{10AEDA0E-8B13-4AB6-AFE1-8670A7E1512D}"
EndProject
Global
	GlobalSection(SolutionConfigurationPlatforms) = preSolution
		Debug|Any CPU = Debug|Any CPU
		Debug|x64 = Debug|x64
		Release|Any CPU = Release|Any CPU
		Release|x64 = Release|x64
	EndGlobalSection
	GlobalSection(ProjectConfigurationPlatforms) = postSolution
		{10AEDA0E-8B13-4AB6-AFE1-8670A7E1512D}.Debug|Any CPU.ActiveCfg = Debug|Any CPU
		{10AEDA0E-8B13-4AB6-AFE1-8670A7E1512D}.Debug|Any CPU.Build.0 = Debug|Any CPU
		{10AEDA0E-8B13-4AB6-AFE1-8670A7E1512D}.Debug|x64.ActiveCfg = Debug|Any CPU
		{10AEDA0E-8B13-4AB6-AFE1-8670A7E1512D}.Debug|x64.Build.0 = Debug|Any CPU
		{10AEDA0E-8B13-4AB6-AFE1-8670A7E1512D}.Release|Any CPU.ActiveCfg = Release|Any CPU
		{10AEDA0E-8B13-4AB6-AFE1-8670A7E1512D}.Release|Any CPU.Build.0 = Release|Any CPU
		{10AEDA0E-8B13-4AB6-AFE1-8670A7E1512D}.Release|x64.ActiveCfg = Release|Any CPU
		{10AEDA0E-8B13-4AB6-AFE1-8670A7E1512D}.Release|x64.Build.0 = Release|Any CPU
	EndGlobalSection
	GlobalSection(SolutionProperties) = preSolution
		HideSolutionNode = FALSE
	EndGlobalSection
	GlobalSection(ExtensibilityGlobals) = postSolution
		SolutionGuid = {47D89F87-0094-4913-8262-40C31E7E3322}
	EndGlobalSection
EndGlobal
